
Microsoft Visual Studio Solution File, Format Version 12.00
Project("{FAE04EC0-301F-11D3-BF4B-00C04F79EFBC}") = "Scp682-EXILED", "Scp682-EXILED\Scp682-EXILED.csproj", "{5C31665B-C8B4-4618-A498-08BFA66C7C6B}"
EndProject
Global
	GlobalSection(SolutionConfigurationPlatforms) = preSolution
		Debug|Any CPU = Debug|Any CPU
		Release|Any CPU = Release|Any CPU
	EndGlobalSection
	GlobalSection(ProjectConfigurationPlatforms) = postSolution
		{5C31665B-C8B4-4618-A498-08BFA66C7C6B}.Debug|Any CPU.ActiveCfg = Debug|Any CPU
		{5C31665B-C8B4-4618-A498-08BFA66C7C6B}.Debug|Any CPU.Build.0 = Debug|Any CPU
		{5C31665B-C8B4-4618-A498-08BFA66C7C6B}.Release|Any CPU.ActiveCfg = Release|Any CPU
		{5C31665B-C8B4-4618-A498-08BFA66C7C6B}.Release|Any CPU.Build.0 = Release|Any CPU
	EndGlobalSection
EndGlobal
